{
    "_readme": [
        "This file locks the dependencies of your project to a known state",
        "Read more about it at https://getcomposer.org/doc/01-basic-usage.md#installing-dependencies",
        "This file is @generated automatically"
    ],
    "content-hash": "b837700d7500bae99792118d40af0e67",
    "packages": [
        {
            "name": "imagecow/imagecow",
            "version": "dev-master",
            "source": {
                "type": "git",
                "url": "https://github.com/oscarotero/imagecow.git",
                "reference": "e87b16d728c74f733ed0c9006f66caf782255eef"
            },
            "dist": {
                "type": "zip",
                "url": "https://api.github.com/repos/oscarotero/imagecow/zipball/e87b16d728c74f733ed0c9006f66caf782255eef",
                "reference": "e87b16d728c74f733ed0c9006f66caf782255eef",
                "shasum": ""
            },
            "require": {
                "php": ">=5.5"
            },
            "require-dev": {
                "phpunit/phpunit": "^4.8|^6.2"
            },
            "default-branch": true,
            "type": "library",
            "autoload": {
                "psr-4": {
                    "Imagecow\\": "src"
                }
            },
            "notification-url": "https://packagist.org/downloads/",
            "license": [
                "MIT"
            ],
            "authors": [
                {
                    "name": "Oscar Otero",
                    "email": "oom@oscarotero.com",
                    "homepage": "http://oscarotero.com",
                    "role": "Developer"
                }
            ],
            "description": "PHP library to manipulate and generate responsive images",
            "homepage": "https://github.com/oscarotero/imagecow/",
            "keywords": [
                "image"
            ],
            "support": {
                "email": "oom@oscarotero.com",
                "issues": "https://github.com/oscarotero/imagecow/issues",
                "source": "https://github.com/oscarotero/imagecow/tree/master"
            },
            "time": "2020-01-08T10:27:40+00:00"
        }
    ],
    "packages-dev": [],
    "aliases": [],
    "minimum-stability": "stable",
    "stability-flags": {
        "imagecow/imagecow": 20
    },
    "prefer-stable": false,
    "prefer-lowest": false,
    "platform": [],
    "platform-dev": [],
    "plugin-api-version": "2.0.0"
}
